// !$*UTF8*$!
{
	archiveVersion = 1;
	classes = {
	};
	objectVersion = 51;
	objects = {

/* Begin PBXBuildFile section */
		7871D24DC15BBD0EB60A45F1 /* Pods_StartRxSwift.framework in Frameworks */ = {isa = PBXBuildFile; fileRef = 124FC15B553B9C94DF83A4A8 /* Pods_StartRxSwift.framework */; };
		ADFCAEB72473DD2F005738F2 /* AppDelegate.swift in Sources */ = {isa = PBXBuildFile; fileRef = ADFCAEB62473DD2F005738F2 /* AppDelegate.swift */; };
		ADFCAEBB2473DD2F005738F2 /* TestViewController.swift in Sources */ = {isa = PBXBuildFile; fileRef = ADFCAEBA2473DD2F005738F2 /* TestViewController.swift */; };
		ADFCAEBE2473DD2F005738F2 /* Main.storyboard in Resources */ = {isa = PBXBuildFile; fileRef = ADFCAEBC2473DD2F005738F2 /* Main.storyboard */; };
		ADFCAEC02473DD30005738F2 /* Assets.xcassets in Resources */ = {isa = PBXBuildFile; fileRef = ADFCAEBF2473DD30005738F2 /* Assets.xcassets */; };
		ADFCAEC32473DD30005738F2 /* LaunchScreen.storyboard in Resources */ = {isa = PBXBuildFile; fileRef = ADFCAEC12473DD30005738F2 /* LaunchScreen.storyboard */; };
/* End PBXBuildFile section */

/* Begin PBXFileReference section */
		124FC15B553B9C94DF83A4A8 /* Pods_StartRxSwift.framework */ = {isa = PBXFileReference; explicitFileType = wrapper.framework; includeInIndex = 0; path = Pods_StartRxSwift.framework; sourceTree = BUILT_PRODUCTS_DIR; };
		79631A1CFE6B0752E5FEE305 /* Pods-StartRxSwift.debug.xcconfig */ = {isa = PBXFileReference; includeInIndex = 1; lastKnownFileType = text.xcconfig; name = "Pods-StartRxSwift.debug.xcconfig"; path = "Target Support Files/Pods-StartRxSwift/Pods-StartRxSwift.debug.xcconfig"; sourceTree = "<group>"; };
		7ECEA8F8D722C1A4B21F72E4 /* Pods-StartRxSwift.release.xcconfig */ = {isa = PBXFileReference; includeInIndex = 1; lastKnownFileType = text.xcconfig; name = "Pods-StartRxSwift.release.xcconfig"; path = "Target Support Files/Pods-StartRxSwift/Pods-StartRxSwift.release.xcconfig"; sourceTree = "<group>"; };
		ADFCAEB32473DD2F005738F2 /* StartRxSwift.app */ = {isa = PBXFileReference; explicitFileType = wrapper.application; includeInIndex = 0; path = StartRxSwift.app; sourceTree = BUILT_PRODUCTS_DIR; };
		ADFCAEB62473DD2F005738F2 /* AppDelegate.swift */ = {isa = PBXFileReference; lastKnownFileType = sourcecode.swift; path = AppDelegate.swift; sourceTree = "<group>"; };
		ADFCAEBA2473DD2F005738F2 /* TestViewController.swift */ = {isa = PBXFileReference; lastKnownFileType = sourcecode.swift; path = TestViewController.swift; sourceTree = "<group>"; };
		ADFCAEBD2473DD2F005738F2 /* Base */ = {isa = PBXFileReference; lastKnownFileType = file.storyboard; name = Base; path = Base.lproj/Main.storyboard; sourceTree = "<group>"; };
		ADFCAEBF2473DD30005738F2 /* Assets.xcassets */ = {isa = PBXFileReference; lastKnownFileType = folder.assetcatalog; path = Assets.xcassets; sourceTree = "<group>"; };
		ADFCAEC22473DD30005738F2 /* Base */ = {isa = PBXFileReference; lastKnownFileType = file.storyboard; name = Base; path = Base.lproj/LaunchScreen.storyboard; sourceTree = "<group>"; };
		ADFCAEC42473DD30005738F2 /* Info.plist */ = {isa = PBXFileReference; lastKnownFileType = text.plist.xml; path = Info.plist; sourceTree = "<group>"; };
/* End PBXFileReference section */

/* Begin PBXFrameworksBuildPhase section */
		ADFCAEB02473DD2F005738F2 /* Frameworks */ = {
			isa = PBXFrameworksBuildPhase;
			buildActionMask = 2147483647;
			files = (
				7871D24DC15BBD0EB60A45F1 /* Pods_StartRxSwift.framework in Frameworks */,
			);
			runOnlyForDeploymentPostprocessing = 0;
		};
/* End PBXFrameworksBuildPhase section */

/* Begin PBXGroup section */
		12A5F44883D6DF83D54FF94A /* Frameworks */ = {
			isa = PBXGroup;
			children = (
				124FC15B553B9C94DF83A4A8 /* Pods_StartRxSwift.framework */,
			);
			name = Frameworks;
			sourceTree = "<group>";
		};
		782462C6E4CC24381F3D8EA3 /* Pods */ = {
			isa = PBXGroup;
			children = (
				79631A1CFE6B0752E5FEE305 /* Pods-StartRxSwift.debug.xcconfig */,
				7ECEA8F8D722C1A4B21F72E4 /* Pods-StartRxSwift.release.xcconfig */,
			);
			path = Pods;
			sourceTree = "<group>";
		};
		ADFCAEAA2473DD2F005738F2 = {
			isa = PBXGroup;
			children = (
				ADFCAEB52473DD2F005738F2 /* StartRxSwift */,
				ADFCAEB42473DD2F005738F2 /* Products */,
				782462C6E4CC24381F3D8EA3 /* Pods */,
				12A5F44883D6DF83D54FF94A /* Frameworks */,
			);
			sourceTree = "<group>";
		};
		ADFCAEB42473DD2F005738F2 /* Products */ = {
			isa = PBXGroup;
			children = (
				ADFCAEB32473DD2F005738F2 /* StartRxSwift.app */,
			);
			name = Products;
			sourceTree = "<group>";
		};
		ADFCAEB52473DD2F005738F2 /* StartRxSwift */ = {
			isa = PBXGroup;
			children = (
				ADFCAEB62473DD2F005738F2 /* AppDelegate.swift */,
				ADFCAEBA2473DD2F005738F2 /* TestViewController.swift */,
				ADFCAEBC2473DD2F005738F2 /* Main.storyboard */,
				ADFCAEBF2473DD30005738F2 /* Assets.xcassets */,
				ADFCAEC12473DD30005738F2 /* LaunchScreen.storyboard */,
				ADFCAEC42473DD30005738F2 /* Info.plist */,
			);
			path = StartRxSwift;
			sourceTree = "<group>";
		};
/* End PBXGroup section */

/* Begin PBXNativeTarget section */
		ADFCAEB22473DD2F005738F2 /* StartRxSwift */ = {
			isa = PBXNativeTarget;
			buildConfigurationList = ADFCAEC72473DD30005738F2 /* Build configuration list for PBXNativeTarget "StartRxSwift" */;
			buildPhases = (
				E33193A737AC06969D58EECB /* [CP] Check Pods Manifest.lock */,
				ADFCAEAF2473DD2F005738F2 /* Sources */,
				ADFCAEB02473DD2F005738F2 /* Frameworks */,
				ADFCAEB12473DD2F005738F2 /* Resources */,
				473461E7166065D7E9F02127 /* [CP] Embed Pods Frameworks */,
			);
			buildRules = (
			);
			dependencies = (
			);
			name = StartRxSwift;
			productName = StartRxSwift;
			productReference = ADFCAEB32473DD2F005738F2 /* StartRxSwift.app */;
			productType = "com.apple.product-type.application";
		};
/* End PBXNativeTarget section */

/* Begin PBXProject section */
		ADFCAEAB2473DD2F005738F2 /* Project object */ = {
			isa = PBXProject;
			attributes = {
				LastSwiftUpdateCheck = 1140;
				LastUpgradeCheck = 1140;
				ORGANIZATIONNAME = Demian;
				TargetAttributes = {
					ADFCAEB22473DD2F005738F2 = {
						CreatedOnToolsVersion = 11.4.1;
					};
				};
			};
			buildConfigurationList = ADFCAEAE2473DD2F005738F2 /* Build configuration list for PBXProject "StartRxSwift" */;
			compatibilityVersion = "Xcode 9.3";
			developmentRegion = en;
			hasScannedForEncodings = 0;
			knownRegions = (
				en,
				Base,
			);
			mainGroup = ADFCAEAA2473DD2F005738F2;
			productRefGroup = ADFCAEB42473DD2F005738F2 /* Products */;
			projectDirPath = "";
			projectRoot = "";
			targets = (
				ADFCAEB22473DD2F005738F2 /* StartRxSwift */,
			);
		};
/* End PBXProject section */

/* Begin PBXResourcesBuildPhase section */
		ADFCAEB12473DD2F005738F2 /* Resources */ = {
			isa = PBXResourcesBuildPhase;
			buildActionMask = 2147483647;
			files = (
				ADFCAEC32473DD30005738F2 /* LaunchScreen.storyboard in Resources */,
				ADFCAEC02473DD30005738F2 /* Assets.xcassets in Resources */,
				ADFCAEBE2473DD2F005738F2 /* Main.storyboard in Resources */,
			);
			runOnlyForDeploymentPostprocessing = 0;
		};
/* End PBXResourcesBuildPhase section */

/* Begin PBXShellScriptBuildPhase section */
		473461E7166065D7E9F02127 /* [CP] Embed Pods Frameworks */ = {
			isa = PBXShellScriptBuildPhase;
			buildActionMask = 2147483647;
			files = (
			);
			inputFileListPaths = (
				"${PODS_ROOT}/Target Support Files/Pods-StartRxSwift/Pods-StartRxSwift-frameworks-${CONFIGURATION}-input-files.xcfilelist",
			);
			name = "[CP] Embed Pods Frameworks";
			outputFileListPaths = (
				"${PODS_ROOT}/Target Support Files/Pods-StartRxSwift/Pods-StartRxSwift-frameworks-${CONFIGURATION}-output-files.xcfilelist",
			);
			runOnlyForDeploymentPostprocessing = 0;
			shellPath = /bin/sh;
			shellScript = "\"${PODS_ROOT}/Target Support Files/Pods-StartRxSwift/Pods-StartRxSwift-frameworks.sh\"\n";
			showEnvVarsInLog = 0;
		};
		E33193A737AC06969D58EECB /* [CP] Check Pods Manifest.lock */ = {
			isa = PBXShellScriptBuildPhase;
			buildActionMask = 2147483647;
			files = (
			);
			inputFileListPaths = (
			);
			inputPaths = (
				"${PODS_PODFILE_DIR_PATH}/Podfile.lock",
				"${PODS_ROOT}/Manifest.lock",
			);
			name = "[CP] Check Pods Manifest.lock";
			outputFileListPaths = (
			);
			outputPaths = (
				"$(DERIVED_FILE_DIR)/Pods-StartRxSwift-checkManifestLockResult.txt",
			);
			runOnlyForDeploymentPostprocessing = 0;
			shellPath = /bin/sh;
			shellScript = "diff \"${PODS_PODFILE_DIR_PATH}/Podfile.lock\" \"${PODS_ROOT}/Manifest.lock\" > /dev/null\nif [ $? != 0 ] ; then\n    # print error to STDERR\n    echo \"error: The sandbox is not in sync with the Podfile.lock. Run 'pod install' or update your CocoaPods installation.\" >&2\n    exit 1\nfi\n# This output is used by Xcode 'outputs' to avoid re-running this script phase.\necho \"SUCCESS\" > \"${SCRIPT_OUTPUT_FILE_0}\"\n";
			showEnvVarsInLog = 0;
		};
/* End PBXShellScriptBuildPhase section */

/* Begin PBXSourcesBuildPhase section */
		ADFCAEAF2473DD2F005738F2 /* Sources */ = {
			isa = PBXSourcesBuildPhase;
			buildActionMask = 2147483647;
			files = (
				ADFCAEBB2473DD2F005738F2 /* TestViewController.swift in Sources */,
				ADFCAEB72473DD2F005738F2 /* AppDelegate.swift in Sources */,
			);
			runOnlyForDeploymentPostprocessing = 0;
		};
/* End PBXSourcesBuildPhase section */

/* Begin PBXVariantGroup section */
		ADFCAEBC2473DD2F005738F2 /* Main.storyboard */ = {
			isa = PBXVariantGroup;
			children = (
				ADFCAEBD2473DD2F005738F2 /* Base */,
			);
			name = Main.storyboard;
			sourceTree = "<group>";
		};
		ADFCAEC12473DD30005738F2 /* LaunchScreen.storyboard */ = {
			isa = PBXVariantGroup;
			children = (
				ADFCAEC22473DD30005738F2 /* Base */,
			);
			name = LaunchScreen.storyboard;
			sourceTree = "<group>";
		};
/* End PBXVariantGroup section */

/* Begin XCBuildConfiguration section */
		ADFCAEC52473DD30005738F2 /* Debug */ = {
			isa = XCBuildConfiguration;
			buildSettings = {
				ALWAYS_SEARCH_USER_PATHS = NO;
				CLANG_ANALYZER_NONNULL = YES;
				CLANG_ANALYZER_NUMBER_OBJECT_CONVERSION = YES_AGGRESSIVE;
				CLANG_CXX_LANGUAGE_STANDARD = "gnu++14";
				CLANG_CXX_LIBRARY = "libc++";
				CLANG_ENABLE_MODULES = YES;
				CLANG_ENABLE_OBJC_ARC = YES;
				CLANG_ENABLE_OBJC_WEAK = YES;
				CLANG_WARN_BLOCK_CAPTURE_AUTORELEASING = YES;
				CLANG_WARN_BOOL_CONVERSION = YES;
				CLANG_WARN_COMMA = YES;
				CLANG_WARN_CONSTANT_CONVERSION = YES;
				CLANG_WARN_DEPRECATED_OBJC_IMPLEMENTATIONS = YES;
				CLANG_WARN_DIRECT_OBJC_ISA_USAGE = YES_ERROR;
				CLANG_WARN_DOCUMENTATION_COMMENTS = YES;
				CLANG_WARN_EMPTY_BODY = YES;
				CLANG_WARN_ENUM_CONVERSION = YES;
				CLANG_WARN_INFINITE_RECURSION = YES;
				CLANG_WARN_INT_CONVERSION = YES;
				CLANG_WARN_NON_LITERAL_NULL_CONVERSION = YES;
				CLANG_WARN_OBJC_IMPLICIT_RETAIN_SELF = YES;
				CLANG_WARN_OBJC_LITERAL_CONVERSION = YES;
				CLANG_WARN_OBJC_ROOT_CLASS = YES_ERROR;
				CLANG_WARN_RANGE_LOOP_ANALYSIS = YES;
				CLANG_WARN_STRICT_PROTOTYPES = YES;
				CLANG_WARN_SUSPICIOUS_MOVE = YES;
				CLANG_WARN_UNGUARDED_AVAILABILITY = YES_AGGRESSIVE;
				CLANG_WARN_UNREACHABLE_CODE = YES;
				CLANG_WARN__DUPLICATE_METHOD_MATCH = YES;
				COPY_PHASE_STRIP = NO;
				DEBUG_INFORMATION_FORMAT = dwarf;
				ENABLE_STRICT_OBJC_MSGSEND = YES;
				ENABLE_TESTABILITY = YES;
				GCC_C_LANGUAGE_STANDARD = gnu11;
				GCC_DYNAMIC_NO_PIC = NO;
				GCC_NO_COMMON_BLOCKS = YES;
				GCC_OPTIMIZATION_LEVEL = 0;
				GCC_PREPROCESSOR_DEFINITIONS = (
					"DEBUG=1",
					"$(inherited)",
				);
				GCC_WARN_64_TO_32_BIT_CONVERSION = YES;
				GCC_WARN_ABOUT_RETURN_TYPE = YES_ERROR;
				GCC_WARN_UNDECLARED_SELECTOR = YES;
				GCC_WARN_UNINITIALIZED_AUTOS = YES_AGGRESSIVE;
				GCC_WARN_UNUSED_FUNCTION = YES;
				GCC_WARN_UNUSED_VARIABLE = YES;
				IPHONEOS_DEPLOYMENT_TARGET = 13.4;
				MTL_ENABLE_DEBUG_INFO = INCLUDE_SOURCE;
				MTL_FAST_MATH = YES;
				ONLY_ACTIVE_ARCH = YES;
				SDKROOT = iphoneos;
				SWIFT_ACTIVE_COMPILATION_CONDITIONS = DEBUG;
				SWIFT_OPTIMIZATION_LEVEL = "-Onone";
			};
			name = Debug;
		};
		ADFCAEC62473DD30005738F2 /* Release */ = {
			isa = XCBuildConfiguration;
			buildSettings = {
				ALWAYS_SEARCH_USER_PATHS = NO;
				CLANG_ANALYZER_NONNULL = YES;
				CLANG_ANALYZER_NUMBER_OBJECT_CONVERSION = YES_AGGRESSIVE;
				CLANG_CXX_LANGUAGE_STANDARD = "gnu++14";
				CLANG_CXX_LIBRARY = "libc++";
				CLANG_ENABLE_MODULES = YES;
				CLANG_ENABLE_OBJC_ARC = YES;
				CLANG_ENABLE_OBJC_WEAK = YES;
				CLANG_WARN_BLOCK_CAPTURE_AUTORELEASING = YES;
				CLANG_WARN_BOOL_CONVERSION = YES;
				CLANG_WARN_COMMA = YES;
				CLANG_WARN_CONSTANT_CONVERSION = YES;
				CLANG_WARN_DEPRECATED_OBJC_IMPLEMENTATIONS = YES;
				CLANG_WARN_DIRECT_OBJC_ISA_USAGE = YES_ERROR;
				CLANG_WARN_DOCUMENTATION_COMMENTS = YES;
				CLANG_WARN_EMPTY_BODY = YES;
				CLANG_WARN_ENUM_CONVERSION = YES;
				CLANG_WARN_INFINITE_RECURSION = YES;
				CLANG_WARN_INT_CONVERSION = YES;
				CLANG_WARN_NON_LITERAL_NULL_CONVERSION = YES;
				CLANG_WARN_OBJC_IMPLICIT_RETAIN_SELF = YES;
				CLANG_WARN_OBJC_LITERAL_CONVERSION = YES;
				CLANG_WARN_OBJC_ROOT_CLASS = YES_ERROR;
				CLANG_WARN_RANGE_LOOP_ANALYSIS = YES;
				CLANG_WARN_STRICT_PROTOTYPES = YES;
				CLANG_WARN_SUSPICIOUS_MOVE = YES;
				CLANG_WARN_UNGUARDED_AVAILABILITY = YES_AGGRESSIVE;
				CLANG_WARN_UNREACHABLE_CODE = YES;
				CLANG_WARN__DUPLICATE_METHOD_MATCH = YES;
				COPY_PHASE_STRIP = NO;
				DEBUG_INFORMATION_FORMAT = "dwarf-with-dsym";
				ENABLE_NS_ASSERTIONS = NO;
				ENABLE_STRICT_OBJC_MSGSEND = YES;
				GCC_C_LANGUAGE_STANDARD = gnu11;
				GCC_NO_COMMON_BLOCKS = YES;
				GCC_WARN_64_TO_32_BIT_CONVERSION = YES;
				GCC_WARN_ABOUT_RETURN_TYPE = YES_ERROR;
				GCC_WARN_UNDECLARED_SELECTOR = YES;
				GCC_WARN_UNINITIALIZED_AUTOS = YES_AGGRESSIVE;
				GCC_WARN_UNUSED_FUNCTION = YES;
				GCC_WARN_UNUSED_VARIABLE = YES;
				IPHONEOS_DEPLOYMENT_TARGET = 13.4;
				MTL_ENABLE_DEBUG_INFO = NO;
				MTL_FAST_MATH = YES;
				SDKROOT = iphoneos;
				SWIFT_COMPILATION_MODE = wholemodule;
				SWIFT_OPTIMIZATION_LEVEL = "-O";
				VALIDATE_PRODUCT = YES;
			};
			name = Release;
		};
		ADFCAEC82473DD30005738F2 /* Debug */ = {
			isa = XCBuildConfiguration;
			baseConfigurationReference = 79631A1CFE6B0752E5FEE305 /* Pods-StartRxSwift.debug.xcconfig */;
			buildSettings = {
				ASSETCATALOG_COMPILER_APPICON_NAME = AppIcon;
				CODE_SIGN_STYLE = Automatic;
				DEVELOPMENT_TEAM = 2SAR4Q5FCM;
				INFOPLIST_FILE = StartRxSwift/Info.plist;
				LD_RUNPATH_SEARCH_PATHS = (
					"$(inherited)",
					"@executable_path/Frameworks",
				);
				PRODUCT_BUNDLE_IDENTIFIER = demianjun.StartRxSwift;
				PRODUCT_NAME = "$(TARGET_NAME)";
				SWIFT_VERSION = 5.0;
				TARGETED_DEVICE_FAMILY = 1;
			};
			name = Debug;
		};
		ADFCAEC92473DD30005738F2 /* Release */ = {
			isa = XCBuildConfiguration;
			baseConfigurationReference = 7ECEA8F8D722C1A4B21F72E4 /* Pods-StartRxSwift.release.xcconfig */;
			buildSettings = {
				ASSETCATALOG_COMPILER_APPICON_NAME = AppIcon;
				CODE_SIGN_STYLE = Automatic;
				DEVELOPMENT_TEAM = 2SAR4Q5FCM;
				INFOPLIST_FILE = StartRxSwift/Info.plist;
				LD_RUNPATH_SEARCH_PATHS = (
					"$(inherited)",
					"@executable_path/Frameworks",
				);
				PRODUCT_BUNDLE_IDENTIFIER = demianjun.StartRxSwift;
				PRODUCT_NAME = "$(TARGET_NAME)";
				SWIFT_VERSION = 5.0;
				TARGETED_DEVICE_FAMILY = 1;
			};
			name = Release;
		};
/* End XCBuildConfiguration section */

/* Begin XCConfigurationList section */
		ADFCAEAE2473DD2F005738F2 /* Build configuration list for PBXProject "StartRxSwift" */ = {
			isa = XCConfigurationList;
			buildConfigurations = (
				ADFCAEC52473DD30005738F2 /* Debug */,
				ADFCAEC62473DD30005738F2 /* Release */,
			);
			defaultConfigurationIsVisible = 0;
			defaultConfigurationName = Release;
		};
		ADFCAEC72473DD30005738F2 /* Build configuration list for PBXNativeTarget "StartRxSwift" */ = {
			isa = XCConfigurationList;
			buildConfigurations = (
				ADFCAEC82473DD30005738F2 /* Debug */,
				ADFCAEC92473DD30005738F2 /* Release */,
			);
			defaultConfigurationIsVisible = 0;
			defaultConfigurationName = Release;
		};
/* End XCConfigurationList section */
	};
	rootObject = ADFCAEAB2473DD2F005738F2 /* Project object */;
}
